// !$*UTF8*$!
{
	archiveVersion = 1;
	classes = {
	};
	objectVersion = 46;
	objects = {

/* Begin PBXBuildFile section */
		0B6AF5C3D9811DB21B073271 /* Pods_template.framework in Frameworks */ = {isa = PBXBuildFile; fileRef = 3B9D95643E79A197A74A963E /* Pods_template.framework */; };
		6805ED1C2530FE09001DD49E /* CitySearchTableViewCell.swift in Sources */ = {isa = PBXBuildFile; fileRef = 6805ED1B2530FE09001DD49E /* CitySearchTableViewCell.swift */; };
		6867AB602343F41800A32328 /* RootViewController.swift in Sources */ = {isa = PBXBuildFile; fileRef = 6867AB5F2343F41800A32328 /* RootViewController.swift */; };
		6867AB622343F56E00A32328 /* App.swift in Sources */ = {isa = PBXBuildFile; fileRef = 6867AB612343F56E00A32328 /* App.swift */; };
		6867AB642343F58A00A32328 /* DateTimeFormats.swift in Sources */ = {isa = PBXBuildFile; fileRef = 6867AB632343F58A00A32328 /* DateTimeFormats.swift */; };
		6867AB662343F59E00A32328 /* Intents.swift in Sources */ = {isa = PBXBuildFile; fileRef = 6867AB652343F59E00A32328 /* Intents.swift */; };
		6867AB682343F5BA00A32328 /* Logger.swift in Sources */ = {isa = PBXBuildFile; fileRef = 6867AB672343F5BA00A32328 /* Logger.swift */; };
		6867AB6A2343F5D200A32328 /* Phone.swift in Sources */ = {isa = PBXBuildFile; fileRef = 6867AB692343F5D200A32328 /* Phone.swift */; };
		6867AB702343F62700A32328 /* BorderedButton.swift in Sources */ = {isa = PBXBuildFile; fileRef = 6867AB6F2343F62700A32328 /* BorderedButton.swift */; };
		6867AB722343F63B00A32328 /* PassThroughView.swift in Sources */ = {isa = PBXBuildFile; fileRef = 6867AB712343F63B00A32328 /* PassThroughView.swift */; };
		6867AB742343F6B800A32328 /* BaseViewController.swift in Sources */ = {isa = PBXBuildFile; fileRef = 6867AB732343F6B800A32328 /* BaseViewController.swift */; };
		6867AB762343F6E600A32328 /* CollectionExtensions.swift in Sources */ = {isa = PBXBuildFile; fileRef = 6867AB752343F6E600A32328 /* CollectionExtensions.swift */; };
		6867AB782343F70100A32328 /* DateExtensions.swift in Sources */ = {isa = PBXBuildFile; fileRef = 6867AB772343F70100A32328 /* DateExtensions.swift */; };
		6867AB7A2343F71B00A32328 /* NSObjectExtensions.swift in Sources */ = {isa = PBXBuildFile; fileRef = 6867AB792343F71B00A32328 /* NSObjectExtensions.swift */; };
		6867AB7C2343F73300A32328 /* RxExtensions.swift in Sources */ = {isa = PBXBuildFile; fileRef = 6867AB7B2343F73300A32328 /* RxExtensions.swift */; };
		6867AB7E2343F78700A32328 /* StringExtensions.swift in Sources */ = {isa = PBXBuildFile; fileRef = 6867AB7D2343F78700A32328 /* StringExtensions.swift */; };
		6867AB802343F7A000A32328 /* SwiftExtensions.swift in Sources */ = {isa = PBXBuildFile; fileRef = 6867AB7F2343F7A000A32328 /* SwiftExtensions.swift */; };
		6867AB822343F7F100A32328 /* UILabelExtensions.swift in Sources */ = {isa = PBXBuildFile; fileRef = 6867AB812343F7F100A32328 /* UILabelExtensions.swift */; };
		6867AB842343F80600A32328 /* UITableViewExtensions.swift in Sources */ = {isa = PBXBuildFile; fileRef = 6867AB832343F80600A32328 /* UITableViewExtensions.swift */; };
		6867AB862343F82800A32328 /* UIViewControllerExtensions.swift in Sources */ = {isa = PBXBuildFile; fileRef = 6867AB852343F82800A32328 /* UIViewControllerExtensions.swift */; };
		6867AB882343F84100A32328 /* UIViewExtensions.swift in Sources */ = {isa = PBXBuildFile; fileRef = 6867AB872343F84100A32328 /* UIViewExtensions.swift */; };
		6867AB8A2343F85D00A32328 /* PresetColors.swift in Sources */ = {isa = PBXBuildFile; fileRef = 6867AB892343F85D00A32328 /* PresetColors.swift */; };
		6867AB8C2343F86E00A32328 /* PresetDimensions.swift in Sources */ = {isa = PBXBuildFile; fileRef = 6867AB8B2343F86E00A32328 /* PresetDimensions.swift */; };
		6867AB8E2343F88200A32328 /* TextAppearances.swift in Sources */ = {isa = PBXBuildFile; fileRef = 6867AB8D2343F88200A32328 /* TextAppearances.swift */; };
		6867AB902343F89600A32328 /* Theme.swift in Sources */ = {isa = PBXBuildFile; fileRef = 6867AB8F2343F89600A32328 /* Theme.swift */; };
		6867AB922343F8AE00A32328 /* ThemeExtensions.swift in Sources */ = {isa = PBXBuildFile; fileRef = 6867AB912343F8AE00A32328 /* ThemeExtensions.swift */; };
		6867AB942343FA4E00A32328 /* HomeNavigationController.swift in Sources */ = {isa = PBXBuildFile; fileRef = 6867AB932343FA4E00A32328 /* HomeNavigationController.swift */; };
		6867AB962343FABD00A32328 /* ThemeManager.swift in Sources */ = {isa = PBXBuildFile; fileRef = 6867AB952343FABD00A32328 /* ThemeManager.swift */; };
		6884098825230CCF00FFE1BF /* CityTableViewCell.swift in Sources */ = {isa = PBXBuildFile; fileRef = 6884098725230CCF00FFE1BF /* CityTableViewCell.swift */; };
		6884098D25230D2400FFE1BF /* CityTableItem.swift in Sources */ = {isa = PBXBuildFile; fileRef = 6884098C25230D2400FFE1BF /* CityTableItem.swift */; };
		688409CA252A9B9700FFE1BF /* CitySearchViewController.swift in Sources */ = {isa = PBXBuildFile; fileRef = 688409C9252A9B9700FFE1BF /* CitySearchViewController.swift */; };
		688A3AC6251435F600C5C13B /* CornerRadiusCellView.swift in Sources */ = {isa = PBXBuildFile; fileRef = 688A3AA5251435F500C5C13B /* CornerRadiusCellView.swift */; };
		688A3AC7251435F600C5C13B /* CornerRadiusItems.swift in Sources */ = {isa = PBXBuildFile; fileRef = 688A3AA6251435F500C5C13B /* CornerRadiusItems.swift */; };
		688A3AC8251435F600C5C13B /* CornerRadiusesViewController.swift in Sources */ = {isa = PBXBuildFile; fileRef = 688A3AA7251435F500C5C13B /* CornerRadiusesViewController.swift */; };
		688A3AC9251435F600C5C13B /* TextSizeCellView.swift in Sources */ = {isa = PBXBuildFile; fileRef = 688A3AA9251435F500C5C13B /* TextSizeCellView.swift */; };
		688A3ACA251435F600C5C13B /* TextSizesViewController.swift in Sources */ = {isa = PBXBuildFile; fileRef = 688A3AAA251435F500C5C13B /* TextSizesViewController.swift */; };
		688A3ACB251435F600C5C13B /* TextSizesItems.swift in Sources */ = {isa = PBXBuildFile; fileRef = 688A3AAB251435F500C5C13B /* TextSizesItems.swift */; };
		688A3ACC251435F600C5C13B /* ColorCellView.swift in Sources */ = {isa = PBXBuildFile; fileRef = 688A3AAD251435F500C5C13B /* ColorCellView.swift */; };
		688A3ACD251435F600C5C13B /* ColorItems.swift in Sources */ = {isa = PBXBuildFile; fileRef = 688A3AAE251435F500C5C13B /* ColorItems.swift */; };
		688A3ACE251435F600C5C13B /* ColorsViewController.swift in Sources */ = {isa = PBXBuildFile; fileRef = 688A3AAF251435F500C5C13B /* ColorsViewController.swift */; };
		688A3ACF251435F600C5C13B /* VerticalCellView.swift in Sources */ = {isa = PBXBuildFile; fileRef = 688A3AB2251435F600C5C13B /* VerticalCellView.swift */; };
		688A3AD0251435F600C5C13B /* VerticalSpacingsViewController.swift in Sources */ = {isa = PBXBuildFile; fileRef = 688A3AB3251435F600C5C13B /* VerticalSpacingsViewController.swift */; };
		688A3AD1251435F600C5C13B /* VerticalSpacingItems.swift in Sources */ = {isa = PBXBuildFile; fileRef = 688A3AB4251435F600C5C13B /* VerticalSpacingItems.swift */; };
		688A3AD2251435F600C5C13B /* VerticalBlockView.swift in Sources */ = {isa = PBXBuildFile; fileRef = 688A3AB5251435F600C5C13B /* VerticalBlockView.swift */; };
		688A3AD3251435F600C5C13B /* SpacingsViewController.swift in Sources */ = {isa = PBXBuildFile; fileRef = 688A3AB6251435F600C5C13B /* SpacingsViewController.swift */; };
		688A3AD4251435F600C5C13B /* HorizontalCellView.swift in Sources */ = {isa = PBXBuildFile; fileRef = 688A3AB8251435F600C5C13B /* HorizontalCellView.swift */; };
		688A3AD5251435F600C5C13B /* HorizontalSpacingItems.swift in Sources */ = {isa = PBXBuildFile; fileRef = 688A3AB9251435F600C5C13B /* HorizontalSpacingItems.swift */; };
		688A3AD6251435F600C5C13B /* HorizontalSpacingsViewController.swift in Sources */ = {isa = PBXBuildFile; fileRef = 688A3ABA251435F600C5C13B /* HorizontalSpacingsViewController.swift */; };
		688A3AD7251435F600C5C13B /* HorizontalBlockView.swift in Sources */ = {isa = PBXBuildFile; fileRef = 688A3ABB251435F600C5C13B /* HorizontalBlockView.swift */; };
		688A3AD8251435F600C5C13B /* LandingPageItemView.swift in Sources */ = {isa = PBXBuildFile; fileRef = 688A3ABD251435F600C5C13B /* LandingPageItemView.swift */; };
		688A3AD9251435F600C5C13B /* DesignTokenLandingPageViewController.swift in Sources */ = {isa = PBXBuildFile; fileRef = 688A3ABE251435F600C5C13B /* DesignTokenLandingPageViewController.swift */; };
		688A3ADA251435F600C5C13B /* LandingPageItems.swift in Sources */ = {isa = PBXBuildFile; fileRef = 688A3ABF251435F600C5C13B /* LandingPageItems.swift */; };
		688A3ADC251435F600C5C13B /* LetterSpacingCellView.swift in Sources */ = {isa = PBXBuildFile; fileRef = 688A3AC2251435F600C5C13B /* LetterSpacingCellView.swift */; };
		688A3ADD251435F600C5C13B /* LetterSpacingItems.swift in Sources */ = {isa = PBXBuildFile; fileRef = 688A3AC3251435F600C5C13B /* LetterSpacingItems.swift */; };
		688A3ADE251435F600C5C13B /* LetterSpacingsViewController.swift in Sources */ = {isa = PBXBuildFile; fileRef = 688A3AC4251435F600C5C13B /* LetterSpacingsViewController.swift */; };
		688A3AE125143A3D00C5C13B /* Images.swift in Sources */ = {isa = PBXBuildFile; fileRef = 688A3AE025143A3C00C5C13B /* Images.swift */; };
		688A3AE7251442F000C5C13B /* Widgets.swift in Sources */ = {isa = PBXBuildFile; fileRef = 688A3AE3251442F000C5C13B /* Widgets.swift */; };
		688A3AE8251442F000C5C13B /* SampleViewController.swift in Sources */ = {isa = PBXBuildFile; fileRef = 688A3AE4251442F000C5C13B /* SampleViewController.swift */; };
		688A3AE9251442F000C5C13B /* WidgetsViewController.swift in Sources */ = {isa = PBXBuildFile; fileRef = 688A3AE5251442F000C5C13B /* WidgetsViewController.swift */; };
		688A3AEA251442F000C5C13B /* WidgetTableViewCell.swift in Sources */ = {isa = PBXBuildFile; fileRef = 688A3AE6251442F000C5C13B /* WidgetTableViewCell.swift */; };
		688A3AF12514444100C5C13B /* LabelViewController.swift in Sources */ = {isa = PBXBuildFile; fileRef = 688A3AEC2514444100C5C13B /* LabelViewController.swift */; };
		688A3AF22514444100C5C13B /* ProgressViewController.swift in Sources */ = {isa = PBXBuildFile; fileRef = 688A3AEE2514444100C5C13B /* ProgressViewController.swift */; };
		688A3AF32514444100C5C13B /* SwitchViewController.swift in Sources */ = {isa = PBXBuildFile; fileRef = 688A3AF02514444100C5C13B /* SwitchViewController.swift */; };
		688A3AF72515DDD900C5C13B /* NetworkProvider.swift in Sources */ = {isa = PBXBuildFile; fileRef = 688A3AF62515DDD900C5C13B /* NetworkProvider.swift */; };
		688A3AFA2515E0D900C5C13B /* MetaWeatherApi.swift in Sources */ = {isa = PBXBuildFile; fileRef = 688A3AF92515E0D900C5C13B /* MetaWeatherApi.swift */; };
		688A3AFC2515E9D400C5C13B /* MetaWeatherRepo.swift in Sources */ = {isa = PBXBuildFile; fileRef = 688A3AFB2515E9D400C5C13B /* MetaWeatherRepo.swift */; };
		688A3AFF2515EBA800C5C13B /* WeatherForLocationResponse.swift in Sources */ = {isa = PBXBuildFile; fileRef = 688A3AFE2515EBA800C5C13B /* WeatherForLocationResponse.swift */; };
		688A3B012515EE7D00C5C13B /* ConsolidatedWeatherResponse.swift in Sources */ = {isa = PBXBuildFile; fileRef = 688A3B002515EE7D00C5C13B /* ConsolidatedWeatherResponse.swift */; };
		688A3B032515EEF700C5C13B /* RegionResponse.swift in Sources */ = {isa = PBXBuildFile; fileRef = 688A3B022515EEF700C5C13B /* RegionResponse.swift */; };
		688A3B052516A76800C5C13B /* LocationResponse.swift in Sources */ = {isa = PBXBuildFile; fileRef = 688A3B042516A76700C5C13B /* LocationResponse.swift */; };
		688A3B082516B02F00C5C13B /* BottomNavTabs.swift in Sources */ = {isa = PBXBuildFile; fileRef = 688A3B072516B02F00C5C13B /* BottomNavTabs.swift */; };
		68D0472D250CB6E60074C284 /* SettingsViewController.swift in Sources */ = {isa = PBXBuildFile; fileRef = 68D0472C250CB6E60074C284 /* SettingsViewController.swift */; };
		68D0472F250CB72A0074C284 /* CitiesViewController.swift in Sources */ = {isa = PBXBuildFile; fileRef = 68D0472E250CB72A0074C284 /* CitiesViewController.swift */; };
		68D04731250CB7B40074C284 /* HomeViewController.swift in Sources */ = {isa = PBXBuildFile; fileRef = 68D04730250CB7B40074C284 /* HomeViewController.swift */; };
		68D04733250CC0DA0074C284 /* Localizable.strings in Resources */ = {isa = PBXBuildFile; fileRef = 68D04732250CC0DA0074C284 /* Localizable.strings */; };
		68D04735250CC17B0074C284 /* Strings.swift in Sources */ = {isa = PBXBuildFile; fileRef = 68D04734250CC17B0074C284 /* Strings.swift */; };
		A21C313E43E32DFCD3423A5F /* FileUtil.swift in Sources */ = {isa = PBXBuildFile; fileRef = A21C39CA785CF8ECECCC4237 /* FileUtil.swift */; };
		A21C343B714B4FAF5EA536B5 /* LaunchScreen.storyboard in Resources */ = {isa = PBXBuildFile; fileRef = A21C3A3E91D8A9CE8AA212BD /* LaunchScreen.storyboard */; };
		A21C361A7D66894CC08C0533 /* Dimens.swift in Sources */ = {isa = PBXBuildFile; fileRef = A21C37F959A7A57771BB4AF4 /* Dimens.swift */; };
		A21C3795A57A27685F19529F /* LandingHomeViewController.swift in Sources */ = {isa = PBXBuildFile; fileRef = A21C39FC583B4AA93CB62EE3 /* LandingHomeViewController.swift */; };
		A21C3B23EF9117B75D0E6749 /* Assets.xcassets in Resources */ = {isa = PBXBuildFile; fileRef = A21C3A3881AB554B9B4B2FEA /* Assets.xcassets */; };
		A21C3B6933D8527166121D27 /* templateTests.swift in Sources */ = {isa = PBXBuildFile; fileRef = A21C3A68EE4A1D8A2E486B43 /* templateTests.swift */; };
		A21C3B74A21BE7BA4B9F4975 /* AppDelegate.swift in Sources */ = {isa = PBXBuildFile; fileRef = A21C31602C03A3E807D1DF03 /* AppDelegate.swift */; };
		A21C3F526337D9F538D4FB08 /* templateUITests.swift in Sources */ = {isa = PBXBuildFile; fileRef = A21C33B971FC0B62A5C41F38 /* templateUITests.swift */; };
/* End PBXBuildFile section */

/* Begin PBXContainerItemProxy section */
		A21C336CD49B3A89113A769A /* PBXContainerItemProxy */ = {
			isa = PBXContainerItemProxy;
			containerPortal = A21C3B624A56FFC47E9E5367 /* Project object */;
			proxyType = 1;
			remoteGlobalIDString = A21C3F968362B78BDF05FEB0;
			remoteInfo = template;
		};
		A21C343B31F06C87A0D4E4C3 /* PBXContainerItemProxy */ = {
			isa = PBXContainerItemProxy;
			containerPortal = A21C3B624A56FFC47E9E5367 /* Project object */;
			proxyType = 1;
			remoteGlobalIDString = A21C3F968362B78BDF05FEB0;
			remoteInfo = template;
		};
/* End PBXContainerItemProxy section */

/* Begin PBXFileReference section */
		1021786F846F70AEB0DC0EB6 /* Pods-template.release.xcconfig */ = {isa = PBXFileReference; includeInIndex = 1; lastKnownFileType = text.xcconfig; name = "Pods-template.release.xcconfig"; path = "Target Support Files/Pods-template/Pods-template.release.xcconfig"; sourceTree = "<group>"; };
		3B9D95643E79A197A74A963E /* Pods_template.framework */ = {isa = PBXFileReference; explicitFileType = wrapper.framework; includeInIndex = 0; path = Pods_template.framework; sourceTree = BUILT_PRODUCTS_DIR; };
		6805ED1B2530FE09001DD49E /* CitySearchTableViewCell.swift */ = {isa = PBXFileReference; lastKnownFileType = sourcecode.swift; path = CitySearchTableViewCell.swift; sourceTree = "<group>"; };
		6867AB5F2343F41800A32328 /* RootViewController.swift */ = {isa = PBXFileReference; lastKnownFileType = sourcecode.swift; path = RootViewController.swift; sourceTree = "<group>"; };
		6867AB612343F56E00A32328 /* App.swift */ = {isa = PBXFileReference; lastKnownFileType = sourcecode.swift; path = App.swift; sourceTree = "<group>"; };
		6867AB632343F58A00A32328 /* DateTimeFormats.swift */ = {isa = PBXFileReference; lastKnownFileType = sourcecode.swift; path = DateTimeFormats.swift; sourceTree = "<group>"; };
		6867AB652343F59E00A32328 /* Intents.swift */ = {isa = PBXFileReference; lastKnownFileType = sourcecode.swift; path = Intents.swift; sourceTree = "<group>"; };
		6867AB672343F5BA00A32328 /* Logger.swift */ = {isa = PBXFileReference; lastKnownFileType = sourcecode.swift; path = Logger.swift; sourceTree = "<group>"; };
		6867AB692343F5D200A32328 /* Phone.swift */ = {isa = PBXFileReference; lastKnownFileType = sourcecode.swift; path = Phone.swift; sourceTree = "<group>"; };
		6867AB6F2343F62700A32328 /* BorderedButton.swift */ = {isa = PBXFileReference; lastKnownFileType = sourcecode.swift; path = BorderedButton.swift; sourceTree = "<group>"; };
		6867AB712343F63B00A32328 /* PassThroughView.swift */ = {isa = PBXFileReference; lastKnownFileType = sourcecode.swift; path = PassThroughView.swift; sourceTree = "<group>"; };
		6867AB732343F6B800A32328 /* BaseViewController.swift */ = {isa = PBXFileReference; lastKnownFileType = sourcecode.swift; path = BaseViewController.swift; sourceTree = "<group>"; };
		6867AB752343F6E600A32328 /* CollectionExtensions.swift */ = {isa = PBXFileReference; lastKnownFileType = sourcecode.swift; path = CollectionExtensions.swift; sourceTree = "<group>"; };
		6867AB772343F70100A32328 /* DateExtensions.swift */ = {isa = PBXFileReference; lastKnownFileType = sourcecode.swift; path = DateExtensions.swift; sourceTree = "<group>"; };
		6867AB792343F71B00A32328 /* NSObjectExtensions.swift */ = {isa = PBXFileReference; lastKnownFileType = sourcecode.swift; path = NSObjectExtensions.swift; sourceTree = "<group>"; };
		6867AB7B2343F73300A32328 /* RxExtensions.swift */ = {isa = PBXFileReference; lastKnownFileType = sourcecode.swift; path = RxExtensions.swift; sourceTree = "<group>"; };
		6867AB7D2343F78700A32328 /* StringExtensions.swift */ = {isa = PBXFileReference; lastKnownFileType = sourcecode.swift; path = StringExtensions.swift; sourceTree = "<group>"; };
		6867AB7F2343F7A000A32328 /* SwiftExtensions.swift */ = {isa = PBXFileReference; lastKnownFileType = sourcecode.swift; path = SwiftExtensions.swift; sourceTree = "<group>"; };
		6867AB812343F7F100A32328 /* UILabelExtensions.swift */ = {isa = PBXFileReference; lastKnownFileType = sourcecode.swift; path = UILabelExtensions.swift; sourceTree = "<group>"; };
		6867AB832343F80600A32328 /* UITableViewExtensions.swift */ = {isa = PBXFileReference; lastKnownFileType = sourcecode.swift; path = UITableViewExtensions.swift; sourceTree = "<group>"; };
		6867AB852343F82800A32328 /* UIViewControllerExtensions.swift */ = {isa = PBXFileReference; lastKnownFileType = sourcecode.swift; path = UIViewControllerExtensions.swift; sourceTree = "<group>"; };
		6867AB872343F84100A32328 /* UIViewExtensions.swift */ = {isa = PBXFileReference; lastKnownFileType = sourcecode.swift; path = UIViewExtensions.swift; sourceTree = "<group>"; };
		6867AB892343F85D00A32328 /* PresetColors.swift */ = {isa = PBXFileReference; lastKnownFileType = sourcecode.swift; path = PresetColors.swift; sourceTree = "<group>"; };
		6867AB8B2343F86E00A32328 /* PresetDimensions.swift */ = {isa = PBXFileReference; lastKnownFileType = sourcecode.swift; path = PresetDimensions.swift; sourceTree = "<group>"; };
		6867AB8D2343F88200A32328 /* TextAppearances.swift */ = {isa = PBXFileReference; lastKnownFileType = sourcecode.swift; path = TextAppearances.swift; sourceTree = "<group>"; };
		6867AB8F2343F89600A32328 /* Theme.swift */ = {isa = PBXFileReference; lastKnownFileType = sourcecode.swift; path = Theme.swift; sourceTree = "<group>"; };
		6867AB912343F8AE00A32328 /* ThemeExtensions.swift */ = {isa = PBXFileReference; lastKnownFileType = sourcecode.swift; path = ThemeExtensions.swift; sourceTree = "<group>"; };
		6867AB932343FA4E00A32328 /* HomeNavigationController.swift */ = {isa = PBXFileReference; lastKnownFileType = sourcecode.swift; path = HomeNavigationController.swift; sourceTree = "<group>"; };
		6867AB952343FABD00A32328 /* ThemeManager.swift */ = {isa = PBXFileReference; lastKnownFileType = sourcecode.swift; path = ThemeManager.swift; sourceTree = "<group>"; };
		6884098725230CCF00FFE1BF /* CityTableViewCell.swift */ = {isa = PBXFileReference; lastKnownFileType = sourcecode.swift; path = CityTableViewCell.swift; sourceTree = "<group>"; };
		6884098C25230D2400FFE1BF /* CityTableItem.swift */ = {isa = PBXFileReference; lastKnownFileType = sourcecode.swift; path = CityTableItem.swift; sourceTree = "<group>"; };
		688409C9252A9B9700FFE1BF /* CitySearchViewController.swift */ = {isa = PBXFileReference; lastKnownFileType = sourcecode.swift; path = CitySearchViewController.swift; sourceTree = "<group>"; };
		688A3AA5251435F500C5C13B /* CornerRadiusCellView.swift */ = {isa = PBXFileReference; fileEncoding = 4; lastKnownFileType = sourcecode.swift; path = CornerRadiusCellView.swift; sourceTree = "<group>"; };
		688A3AA6251435F500C5C13B /* CornerRadiusItems.swift */ = {isa = PBXFileReference; fileEncoding = 4; lastKnownFileType = sourcecode.swift; path = CornerRadiusItems.swift; sourceTree = "<group>"; };
		688A3AA7251435F500C5C13B /* CornerRadiusesViewController.swift */ = {isa = PBXFileReference; fileEncoding = 4; lastKnownFileType = sourcecode.swift; path = CornerRadiusesViewController.swift; sourceTree = "<group>"; };
		688A3AA9251435F500C5C13B /* TextSizeCellView.swift */ = {isa = PBXFileReference; fileEncoding = 4; lastKnownFileType = sourcecode.swift; path = TextSizeCellView.swift; sourceTree = "<group>"; };
		688A3AAA251435F500C5C13B /* TextSizesViewController.swift */ = {isa = PBXFileReference; fileEncoding = 4; lastKnownFileType = sourcecode.swift; path = TextSizesViewController.swift; sourceTree = "<group>"; };
		688A3AAB251435F500C5C13B /* TextSizesItems.swift */ = {isa = PBXFileReference; fileEncoding = 4; lastKnownFileType = sourcecode.swift; path = TextSizesItems.swift; sourceTree = "<group>"; };
		688A3AAD251435F500C5C13B /* ColorCellView.swift */ = {isa = PBXFileReference; fileEncoding = 4; lastKnownFileType = sourcecode.swift; path = ColorCellView.swift; sourceTree = "<group>"; };
		688A3AAE251435F500C5C13B /* ColorItems.swift */ = {isa = PBXFileReference; fileEncoding = 4; lastKnownFileType = sourcecode.swift; path = ColorItems.swift; sourceTree = "<group>"; };
		688A3AAF251435F500C5C13B /* ColorsViewController.swift */ = {isa = PBXFileReference; fileEncoding = 4; lastKnownFileType = sourcecode.swift; path = ColorsViewController.swift; sourceTree = "<group>"; };
		688A3AB2251435F600C5C13B /* VerticalCellView.swift */ = {isa = PBXFileReference; fileEncoding = 4; lastKnownFileType = sourcecode.swift; path = VerticalCellView.swift; sourceTree = "<group>"; };
		688A3AB3251435F600C5C13B /* VerticalSpacingsViewController.swift */ = {isa = PBXFileReference; fileEncoding = 4; lastKnownFileType = sourcecode.swift; path = VerticalSpacingsViewController.swift; sourceTree = "<group>"; };
		688A3AB4251435F600C5C13B /* VerticalSpacingItems.swift */ = {isa = PBXFileReference; fileEncoding = 4; lastKnownFileType = sourcecode.swift; path = VerticalSpacingItems.swift; sourceTree = "<group>"; };
		688A3AB5251435F600C5C13B /* VerticalBlockView.swift */ = {isa = PBXFileReference; fileEncoding = 4; lastKnownFileType = sourcecode.swift; path = VerticalBlockView.swift; sourceTree = "<group>"; };
		688A3AB6251435F600C5C13B /* SpacingsViewController.swift */ = {isa = PBXFileReference; fileEncoding = 4; lastKnownFileType = sourcecode.swift; path = SpacingsViewController.swift; sourceTree = "<group>"; };
		688A3AB8251435F600C5C13B /* HorizontalCellView.swift */ = {isa = PBXFileReference; fileEncoding = 4; lastKnownFileType = sourcecode.swift; path = HorizontalCellView.swift; sourceTree = "<group>"; };
		688A3AB9251435F600C5C13B /* HorizontalSpacingItems.swift */ = {isa = PBXFileReference; fileEncoding = 4; lastKnownFileType = sourcecode.swift; path = HorizontalSpacingItems.swift; sourceTree = "<group>"; };
		688A3ABA251435F600C5C13B /* HorizontalSpacingsViewController.swift */ = {isa = PBXFileReference; fileEncoding = 4; lastKnownFileType = sourcecode.swift; path = HorizontalSpacingsViewController.swift; sourceTree = "<group>"; };
		688A3ABB251435F600C5C13B /* HorizontalBlockView.swift */ = {isa = PBXFileReference; fileEncoding = 4; lastKnownFileType = sourcecode.swift; path = HorizontalBlockView.swift; sourceTree = "<group>"; };
		688A3ABD251435F600C5C13B /* LandingPageItemView.swift */ = {isa = PBXFileReference; fileEncoding = 4; lastKnownFileType = sourcecode.swift; path = LandingPageItemView.swift; sourceTree = "<group>"; };
		688A3ABE251435F600C5C13B /* DesignTokenLandingPageViewController.swift */ = {isa = PBXFileReference; fileEncoding = 4; lastKnownFileType = sourcecode.swift; path = DesignTokenLandingPageViewController.swift; sourceTree = "<group>"; };
		688A3ABF251435F600C5C13B /* LandingPageItems.swift */ = {isa = PBXFileReference; fileEncoding = 4; lastKnownFileType = sourcecode.swift; path = LandingPageItems.swift; sourceTree = "<group>"; };
		688A3AC2251435F600C5C13B /* LetterSpacingCellView.swift */ = {isa = PBXFileReference; fileEncoding = 4; lastKnownFileType = sourcecode.swift; path = LetterSpacingCellView.swift; sourceTree = "<group>"; };
		688A3AC3251435F600C5C13B /* LetterSpacingItems.swift */ = {isa = PBXFileReference; fileEncoding = 4; lastKnownFileType = sourcecode.swift; path = LetterSpacingItems.swift; sourceTree = "<group>"; };
		688A3AC4251435F600C5C13B /* LetterSpacingsViewController.swift */ = {isa = PBXFileReference; fileEncoding = 4; lastKnownFileType = sourcecode.swift; path = LetterSpacingsViewController.swift; sourceTree = "<group>"; };
		688A3AE025143A3C00C5C13B /* Images.swift */ = {isa = PBXFileReference; lastKnownFileType = sourcecode.swift; path = Images.swift; sourceTree = "<group>"; };
		688A3AE3251442F000C5C13B /* Widgets.swift */ = {isa = PBXFileReference; fileEncoding = 4; lastKnownFileType = sourcecode.swift; path = Widgets.swift; sourceTree = "<group>"; };
		688A3AE4251442F000C5C13B /* SampleViewController.swift */ = {isa = PBXFileReference; fileEncoding = 4; lastKnownFileType = sourcecode.swift; path = SampleViewController.swift; sourceTree = "<group>"; };
		688A3AE5251442F000C5C13B /* WidgetsViewController.swift */ = {isa = PBXFileReference; fileEncoding = 4; lastKnownFileType = sourcecode.swift; path = WidgetsViewController.swift; sourceTree = "<group>"; };
		688A3AE6251442F000C5C13B /* WidgetTableViewCell.swift */ = {isa = PBXFileReference; fileEncoding = 4; lastKnownFileType = sourcecode.swift; path = WidgetTableViewCell.swift; sourceTree = "<group>"; };
		688A3AEC2514444100C5C13B /* LabelViewController.swift */ = {isa = PBXFileReference; fileEncoding = 4; lastKnownFileType = sourcecode.swift; path = LabelViewController.swift; sourceTree = "<group>"; };
		688A3AEE2514444100C5C13B /* ProgressViewController.swift */ = {isa = PBXFileReference; fileEncoding = 4; lastKnownFileType = sourcecode.swift; path = ProgressViewController.swift; sourceTree = "<group>"; };
		688A3AF02514444100C5C13B /* SwitchViewController.swift */ = {isa = PBXFileReference; fileEncoding = 4; lastKnownFileType = sourcecode.swift; path = SwitchViewController.swift; sourceTree = "<group>"; };
		688A3AF62515DDD900C5C13B /* NetworkProvider.swift */ = {isa = PBXFileReference; lastKnownFileType = sourcecode.swift; path = NetworkProvider.swift; sourceTree = "<group>"; };
		688A3AF92515E0D900C5C13B /* MetaWeatherApi.swift */ = {isa = PBXFileReference; lastKnownFileType = sourcecode.swift; path = MetaWeatherApi.swift; sourceTree = "<group>"; };
		688A3AFB2515E9D400C5C13B /* MetaWeatherRepo.swift */ = {isa = PBXFileReference; lastKnownFileType = sourcecode.swift; path = MetaWeatherRepo.swift; sourceTree = "<group>"; };
		688A3AFE2515EBA800C5C13B /* WeatherForLocationResponse.swift */ = {isa = PBXFileReference; lastKnownFileType = sourcecode.swift; path = WeatherForLocationResponse.swift; sourceTree = "<group>"; };
		688A3B002515EE7D00C5C13B /* ConsolidatedWeatherResponse.swift */ = {isa = PBXFileReference; lastKnownFileType = sourcecode.swift; path = ConsolidatedWeatherResponse.swift; sourceTree = "<group>"; };
		688A3B022515EEF700C5C13B /* RegionResponse.swift */ = {isa = PBXFileReference; lastKnownFileType = sourcecode.swift; path = RegionResponse.swift; sourceTree = "<group>"; };
		688A3B042516A76700C5C13B /* LocationResponse.swift */ = {isa = PBXFileReference; lastKnownFileType = sourcecode.swift; path = LocationResponse.swift; sourceTree = "<group>"; };
		688A3B072516B02F00C5C13B /* BottomNavTabs.swift */ = {isa = PBXFileReference; lastKnownFileType = sourcecode.swift; path = BottomNavTabs.swift; sourceTree = "<group>"; };
		68D0472C250CB6E60074C284 /* SettingsViewController.swift */ = {isa = PBXFileReference; lastKnownFileType = sourcecode.swift; path = SettingsViewController.swift; sourceTree = "<group>"; };
		68D0472E250CB72A0074C284 /* CitiesViewController.swift */ = {isa = PBXFileReference; lastKnownFileType = sourcecode.swift; path = CitiesViewController.swift; sourceTree = "<group>"; };
		68D04730250CB7B40074C284 /* HomeViewController.swift */ = {isa = PBXFileReference; lastKnownFileType = sourcecode.swift; path = HomeViewController.swift; sourceTree = "<group>"; };
		68D04732250CC0DA0074C284 /* Localizable.strings */ = {isa = PBXFileReference; lastKnownFileType = text.plist.strings; path = Localizable.strings; sourceTree = "<group>"; };
		68D04734250CC17B0074C284 /* Strings.swift */ = {isa = PBXFileReference; lastKnownFileType = sourcecode.swift; path = Strings.swift; sourceTree = "<group>"; };
		7A186EFFCA5BDC457B4DD381 /* Pods-template.debug.xcconfig */ = {isa = PBXFileReference; includeInIndex = 1; lastKnownFileType = text.xcconfig; name = "Pods-template.debug.xcconfig"; path = "Target Support Files/Pods-template/Pods-template.debug.xcconfig"; sourceTree = "<group>"; };
		A21C31602C03A3E807D1DF03 /* AppDelegate.swift */ = {isa = PBXFileReference; lastKnownFileType = sourcecode.swift; path = AppDelegate.swift; sourceTree = "<group>"; };
		A21C31C3A53283E16F0C3011 /* template.app */ = {isa = PBXFileReference; explicitFileType = wrapper.application; includeInIndex = 0; path = template.app; sourceTree = BUILT_PRODUCTS_DIR; };
		A21C325D14288BFD666BC8EA /* templateUITests.xctest */ = {isa = PBXFileReference; explicitFileType = wrapper.cfbundle; includeInIndex = 0; path = templateUITests.xctest; sourceTree = BUILT_PRODUCTS_DIR; };
		A21C32F3FE22818A0B985413 /* Info.plist */ = {isa = PBXFileReference; lastKnownFileType = text.plist.info; path = Info.plist; sourceTree = "<group>"; };
		A21C33B971FC0B62A5C41F38 /* templateUITests.swift */ = {isa = PBXFileReference; lastKnownFileType = sourcecode.swift; path = templateUITests.swift; sourceTree = "<group>"; };
		A21C37F959A7A57771BB4AF4 /* Dimens.swift */ = {isa = PBXFileReference; fileEncoding = 4; lastKnownFileType = sourcecode.swift; path = Dimens.swift; sourceTree = "<group>"; };
		A21C38CC23C5572C100AEB0B /* templateTests.xctest */ = {isa = PBXFileReference; explicitFileType = wrapper.cfbundle; includeInIndex = 0; path = templateTests.xctest; sourceTree = BUILT_PRODUCTS_DIR; };
		A21C38ED534880497BB07096 /* Info.plist */ = {isa = PBXFileReference; lastKnownFileType = text.plist.info; path = Info.plist; sourceTree = "<group>"; };
		A21C39100D9B970BB337B611 /* Info.plist */ = {isa = PBXFileReference; lastKnownFileType = text.plist.info; path = Info.plist; sourceTree = "<group>"; };
		A21C39CA785CF8ECECCC4237 /* FileUtil.swift */ = {isa = PBXFileReference; fileEncoding = 4; lastKnownFileType = sourcecode.swift; path = FileUtil.swift; sourceTree = "<group>"; };
		A21C39FC583B4AA93CB62EE3 /* LandingHomeViewController.swift */ = {isa = PBXFileReference; lastKnownFileType = sourcecode.swift; path = LandingHomeViewController.swift; sourceTree = "<group>"; };
		A21C3A3881AB554B9B4B2FEA /* Assets.xcassets */ = {isa = PBXFileReference; lastKnownFileType = folder.assetcatalog; path = Assets.xcassets; sourceTree = "<group>"; };
		A21C3A68EE4A1D8A2E486B43 /* templateTests.swift */ = {isa = PBXFileReference; lastKnownFileType = sourcecode.swift; path = templateTests.swift; sourceTree = "<group>"; };
		A21C3B8684F57C03411C4ED9 /* Base */ = {isa = PBXFileReference; lastKnownFileType = file.storyboard; name = Base; path = Base.lproj/LaunchScreen.storyboard; sourceTree = "<group>"; };
/* End PBXFileReference section */

/* Begin PBXFrameworksBuildPhase section */
		A21C3450573221463C5B2CF1 /* Frameworks */ = {
			isa = PBXFrameworksBuildPhase;
			buildActionMask = 2147483647;
			files = (
			);
			runOnlyForDeploymentPostprocessing = 0;
		};
		A21C34FA36B3353DDDA6B808 /* Frameworks */ = {
			isa = PBXFrameworksBuildPhase;
			buildActionMask = 2147483647;
			files = (
			);
			runOnlyForDeploymentPostprocessing = 0;
		};
		A21C369F857C4C12056E50DB /* Frameworks */ = {
			isa = PBXFrameworksBuildPhase;
			buildActionMask = 2147483647;
			files = (
				0B6AF5C3D9811DB21B073271 /* Pods_template.framework in Frameworks */,
			);
			runOnlyForDeploymentPostprocessing = 0;
		};
/* End PBXFrameworksBuildPhase section */

/* Begin PBXGroup section */
		38CDBD320B64F4F459ED16EE /* Pods */ = {
			isa = PBXGroup;
			children = (
				7A186EFFCA5BDC457B4DD381 /* Pods-template.debug.xcconfig */,
				1021786F846F70AEB0DC0EB6 /* Pods-template.release.xcconfig */,
			);
			path = Pods;
			sourceTree = "<group>";
		};
		6867AB5E2343F36B00A32328 /* ui */ = {
			isa = PBXGroup;
			children = (
				688409C8252A9B4C00FFE1BF /* city_search */,
				688A3B062516B00F00C5C13B /* landing */,
				68D0472B250CB6C60074C284 /* home */,
				68D0472A250CB6BC0074C284 /* cities */,
				68D04729250CB66E0074C284 /* settings */,
				688A3AE2251442C700C5C13B /* widgets */,
				688A3AA3251435BA00C5C13B /* designtokens */,
				6867AB5F2343F41800A32328 /* RootViewController.swift */,
				6867AB932343FA4E00A32328 /* HomeNavigationController.swift */,
			);
			path = ui;
			sourceTree = "<group>";
		};
		6867AB6B2343F5E000A32328 /* views */ = {
			isa = PBXGroup;
			children = (
				6867AB6F2343F62700A32328 /* BorderedButton.swift */,
				6867AB712343F63B00A32328 /* PassThroughView.swift */,
			);
			path = views;
			sourceTree = "<group>";
		};
		6867AB6C2343F5EB00A32328 /* uiviewcontrollers */ = {
			isa = PBXGroup;
			children = (
				6867AB732343F6B800A32328 /* BaseViewController.swift */,
			);
			path = uiviewcontrollers;
			sourceTree = "<group>";
		};
		6867AB6D2343F5F300A32328 /* extensions */ = {
			isa = PBXGroup;
			children = (
				6867AB752343F6E600A32328 /* CollectionExtensions.swift */,
				6867AB772343F70100A32328 /* DateExtensions.swift */,
				6867AB792343F71B00A32328 /* NSObjectExtensions.swift */,
				6867AB7B2343F73300A32328 /* RxExtensions.swift */,
				6867AB7D2343F78700A32328 /* StringExtensions.swift */,
				6867AB7F2343F7A000A32328 /* SwiftExtensions.swift */,
				6867AB812343F7F100A32328 /* UILabelExtensions.swift */,
				6867AB832343F80600A32328 /* UITableViewExtensions.swift */,
				6867AB852343F82800A32328 /* UIViewControllerExtensions.swift */,
				6867AB872343F84100A32328 /* UIViewExtensions.swift */,
			);
			path = extensions;
			sourceTree = "<group>";
		};
		6867AB6E2343F5FB00A32328 /* design */ = {
			isa = PBXGroup;
			children = (
				6867AB892343F85D00A32328 /* PresetColors.swift */,
				6867AB8B2343F86E00A32328 /* PresetDimensions.swift */,
				6867AB8D2343F88200A32328 /* TextAppearances.swift */,
				6867AB8F2343F89600A32328 /* Theme.swift */,
				6867AB912343F8AE00A32328 /* ThemeExtensions.swift */,
				6867AB952343FABD00A32328 /* ThemeManager.swift */,
			);
			path = design;
			sourceTree = "<group>";
		};
		688409C8252A9B4C00FFE1BF /* city_search */ = {
			isa = PBXGroup;
			children = (
				688409C9252A9B9700FFE1BF /* CitySearchViewController.swift */,
				6805ED1B2530FE09001DD49E /* CitySearchTableViewCell.swift */,
			);
			path = city_search;
			sourceTree = "<group>";
		};
		688A3AA3251435BA00C5C13B /* designtokens */ = {
			isa = PBXGroup;
			children = (
				688A3AAC251435F500C5C13B /* colors */,
				688A3AA4251435F500C5C13B /* corner_radiuses */,
				688A3ABC251435F600C5C13B /* landing_page */,
				688A3AC1251435F600C5C13B /* letter_spacings */,
				688A3AB0251435F600C5C13B /* spacings */,
				688A3AA8251435F500C5C13B /* text_sizes */,
			);
			path = designtokens;
			sourceTree = "<group>";
		};
		688A3AA4251435F500C5C13B /* corner_radiuses */ = {
			isa = PBXGroup;
			children = (
				688A3AA5251435F500C5C13B /* CornerRadiusCellView.swift */,
				688A3AA6251435F500C5C13B /* CornerRadiusItems.swift */,
				688A3AA7251435F500C5C13B /* CornerRadiusesViewController.swift */,
			);
			path = corner_radiuses;
			sourceTree = "<group>";
		};
		688A3AA8251435F500C5C13B /* text_sizes */ = {
			isa = PBXGroup;
			children = (
				688A3AA9251435F500C5C13B /* TextSizeCellView.swift */,
				688A3AAA251435F500C5C13B /* TextSizesViewController.swift */,
				688A3AAB251435F500C5C13B /* TextSizesItems.swift */,
			);
			path = text_sizes;
			sourceTree = "<group>";
		};
		688A3AAC251435F500C5C13B /* colors */ = {
			isa = PBXGroup;
			children = (
				688A3AAD251435F500C5C13B /* ColorCellView.swift */,
				688A3AAE251435F500C5C13B /* ColorItems.swift */,
				688A3AAF251435F500C5C13B /* ColorsViewController.swift */,
			);
			path = colors;
			sourceTree = "<group>";
		};
		688A3AB0251435F600C5C13B /* spacings */ = {
			isa = PBXGroup;
			children = (
				688A3AB1251435F600C5C13B /* vertical_spacings */,
				688A3AB6251435F600C5C13B /* SpacingsViewController.swift */,
				688A3AB7251435F600C5C13B /* horizontal_spacings */,
			);
			path = spacings;
			sourceTree = "<group>";
		};
		688A3AB1251435F600C5C13B /* vertical_spacings */ = {
			isa = PBXGroup;
			children = (
				688A3AB2251435F600C5C13B /* VerticalCellView.swift */,
				688A3AB3251435F600C5C13B /* VerticalSpacingsViewController.swift */,
				688A3AB4251435F600C5C13B /* VerticalSpacingItems.swift */,
				688A3AB5251435F600C5C13B /* VerticalBlockView.swift */,
			);
			path = vertical_spacings;
			sourceTree = "<group>";
		};
		688A3AB7251435F600C5C13B /* horizontal_spacings */ = {
			isa = PBXGroup;
			children = (
				688A3AB8251435F600C5C13B /* HorizontalCellView.swift */,
				688A3AB9251435F600C5C13B /* HorizontalSpacingItems.swift */,
				688A3ABA251435F600C5C13B /* HorizontalSpacingsViewController.swift */,
				688A3ABB251435F600C5C13B /* HorizontalBlockView.swift */,
			);
			path = horizontal_spacings;
			sourceTree = "<group>";
		};
		688A3ABC251435F600C5C13B /* landing_page */ = {
			isa = PBXGroup;
			children = (
				688A3ABD251435F600C5C13B /* LandingPageItemView.swift */,
				688A3ABE251435F600C5C13B /* DesignTokenLandingPageViewController.swift */,
				688A3ABF251435F600C5C13B /* LandingPageItems.swift */,
			);
			path = landing_page;
			sourceTree = "<group>";
		};
		688A3AC1251435F600C5C13B /* letter_spacings */ = {
			isa = PBXGroup;
			children = (
				688A3AC2251435F600C5C13B /* LetterSpacingCellView.swift */,
				688A3AC3251435F600C5C13B /* LetterSpacingItems.swift */,
				688A3AC4251435F600C5C13B /* LetterSpacingsViewController.swift */,
			);
			path = letter_spacings;
			sourceTree = "<group>";
		};
		688A3AE2251442C700C5C13B /* widgets */ = {
			isa = PBXGroup;
			children = (
				688A3AF42514465200C5C13B /* landing_page */,
				688A3AEB2514444100C5C13B /* label */,
				688A3AED2514444100C5C13B /* progressview */,
				688A3AEF2514444100C5C13B /* switch */,
				688A3AE4251442F000C5C13B /* SampleViewController.swift */,
			);
			path = widgets;
			sourceTree = "<group>";
		};
		688A3AEB2514444100C5C13B /* label */ = {
			isa = PBXGroup;
			children = (
				688A3AEC2514444100C5C13B /* LabelViewController.swift */,
			);
			path = label;
			sourceTree = "<group>";
		};
		688A3AED2514444100C5C13B /* progressview */ = {
			isa = PBXGroup;
			children = (
				688A3AEE2514444100C5C13B /* ProgressViewController.swift */,
			);
			path = progressview;
			sourceTree = "<group>";
		};
		688A3AEF2514444100C5C13B /* switch */ = {
			isa = PBXGroup;
			children = (
				688A3AF02514444100C5C13B /* SwitchViewController.swift */,
			);
			path = switch;
			sourceTree = "<group>";
		};
		688A3AF42514465200C5C13B /* landing_page */ = {
			isa = PBXGroup;
			children = (
				688A3AE5251442F000C5C13B /* WidgetsViewController.swift */,
				688A3AE3251442F000C5C13B /* Widgets.swift */,
				688A3AE6251442F000C5C13B /* WidgetTableViewCell.swift */,
			);
			path = landing_page;
			sourceTree = "<group>";
		};
		688A3AF52515DD4B00C5C13B /* resources */ = {
			isa = PBXGroup;
			children = (
				688A3AE025143A3C00C5C13B /* Images.swift */,
				A21C37F959A7A57771BB4AF4 /* Dimens.swift */,
				68D04732250CC0DA0074C284 /* Localizable.strings */,
				68D04734250CC17B0074C284 /* Strings.swift */,
			);
			path = resources;
			sourceTree = "<group>";
		};
		688A3AF82515DF5E00C5C13B /* networking */ = {
			isa = PBXGroup;
			children = (
				688A3AFD2515EB6500C5C13B /* responses */,
				688A3AF62515DDD900C5C13B /* NetworkProvider.swift */,
				688A3AF92515E0D900C5C13B /* MetaWeatherApi.swift */,
				688A3AFB2515E9D400C5C13B /* MetaWeatherRepo.swift */,
			);
			path = networking;
			sourceTree = "<group>";
		};
		688A3AFD2515EB6500C5C13B /* responses */ = {
			isa = PBXGroup;
			children = (
				688A3AFE2515EBA800C5C13B /* WeatherForLocationResponse.swift */,
				688A3B002515EE7D00C5C13B /* ConsolidatedWeatherResponse.swift */,
				688A3B022515EEF700C5C13B /* RegionResponse.swift */,
				688A3B042516A76700C5C13B /* LocationResponse.swift */,
			);
			path = responses;
			sourceTree = "<group>";
		};
		688A3B062516B00F00C5C13B /* landing */ = {
			isa = PBXGroup;
			children = (
				A21C39FC583B4AA93CB62EE3 /* LandingHomeViewController.swift */,
				688A3B072516B02F00C5C13B /* BottomNavTabs.swift */,
			);
			path = landing;
			sourceTree = "<group>";
		};
		68D04729250CB66E0074C284 /* settings */ = {
			isa = PBXGroup;
			children = (
				68D0472C250CB6E60074C284 /* SettingsViewController.swift */,
			);
			path = settings;
			sourceTree = "<group>";
		};
		68D0472A250CB6BC0074C284 /* cities */ = {
			isa = PBXGroup;
			children = (
				68D0472E250CB72A0074C284 /* CitiesViewController.swift */,
				6884098725230CCF00FFE1BF /* CityTableViewCell.swift */,
				6884098C25230D2400FFE1BF /* CityTableItem.swift */,
			);
			path = cities;
			sourceTree = "<group>";
		};
		68D0472B250CB6C60074C284 /* home */ = {
			isa = PBXGroup;
			children = (
				68D04730250CB7B40074C284 /* HomeViewController.swift */,
			);
			path = home;
			sourceTree = "<group>";
		};
		7352EFBFE24D665B279A1EC2 /* Frameworks */ = {
			isa = PBXGroup;
			children = (
				3B9D95643E79A197A74A963E /* Pods_template.framework */,
			);
			name = Frameworks;
			sourceTree = "<group>";
		};
		A21C349D1E9F0FEB9322E3B0 /* template */ = {
			isa = PBXGroup;
			children = (
				6867AB5E2343F36B00A32328 /* ui */,
				A21C38ED534880497BB07096 /* Info.plist */,
				A21C3A3881AB554B9B4B2FEA /* Assets.xcassets */,
				A21C3A3E91D8A9CE8AA212BD /* LaunchScreen.storyboard */,
				A21C31602C03A3E807D1DF03 /* AppDelegate.swift */,
				688A3AF82515DF5E00C5C13B /* networking */,
				688A3AF52515DD4B00C5C13B /* resources */,
				A21C35BF00BD5A2D2A5F3287 /* utilities */,
			);
			path = template;
			sourceTree = "<group>";
		};
		A21C34DC71AAD9A4DFEFADAD /* templateUITests */ = {
			isa = PBXGroup;
			children = (
				A21C32F3FE22818A0B985413 /* Info.plist */,
				A21C33B971FC0B62A5C41F38 /* templateUITests.swift */,
			);
			path = templateUITests;
			sourceTree = "<group>";
		};
		A21C35BF00BD5A2D2A5F3287 /* utilities */ = {
			isa = PBXGroup;
			children = (
				6867AB6E2343F5FB00A32328 /* design */,
				6867AB6D2343F5F300A32328 /* extensions */,
				6867AB6C2343F5EB00A32328 /* uiviewcontrollers */,
				6867AB6B2343F5E000A32328 /* views */,
				6867AB612343F56E00A32328 /* App.swift */,
				6867AB632343F58A00A32328 /* DateTimeFormats.swift */,
				6867AB652343F59E00A32328 /* Intents.swift */,
				6867AB672343F5BA00A32328 /* Logger.swift */,
				6867AB692343F5D200A32328 /* Phone.swift */,
				A21C39CA785CF8ECECCC4237 /* FileUtil.swift */,
			);
			path = utilities;
			sourceTree = "<group>";
		};
		A21C3904012EF5907B93F54D = {
			isa = PBXGroup;
			children = (
				A21C3C07FEEAD8FDC39DA29B /* Products */,
				A21C349D1E9F0FEB9322E3B0 /* template */,
				A21C3993A713A9C3B1467EA0 /* templateTests */,
				A21C34DC71AAD9A4DFEFADAD /* templateUITests */,
				38CDBD320B64F4F459ED16EE /* Pods */,
				7352EFBFE24D665B279A1EC2 /* Frameworks */,
			);
			sourceTree = "<group>";
		};
		A21C3993A713A9C3B1467EA0 /* templateTests */ = {
			isa = PBXGroup;
			children = (
				A21C39100D9B970BB337B611 /* Info.plist */,
				A21C3A68EE4A1D8A2E486B43 /* templateTests.swift */,
			);
			path = templateTests;
			sourceTree = "<group>";
		};
		A21C3C07FEEAD8FDC39DA29B /* Products */ = {
			isa = PBXGroup;
			children = (
				A21C31C3A53283E16F0C3011 /* template.app */,
				A21C38CC23C5572C100AEB0B /* templateTests.xctest */,
				A21C325D14288BFD666BC8EA /* templateUITests.xctest */,
			);
			name = Products;
			sourceTree = "<group>";
		};
/* End PBXGroup section */

/* Begin PBXNativeTarget section */
		A21C31E3704353B5ECCC71BD /* templateUITests */ = {
			isa = PBXNativeTarget;
			buildConfigurationList = A21C3CA2F9E3136E114B9C3C /* Build configuration list for PBXNativeTarget "templateUITests" */;
			buildPhases = (
				A21C3DCC0433065EA45BE601 /* Sources */,
				A21C3450573221463C5B2CF1 /* Frameworks */,
				A21C383B9BB3773FEE97C89E /* Resources */,
			);
			buildRules = (
			);
			dependencies = (
				A21C36458471EB1DEE3CD683 /* PBXTargetDependency */,
			);
			name = templateUITests;
			productName = templateUITests;
			productReference = A21C325D14288BFD666BC8EA /* templateUITests.xctest */;
			productType = "com.apple.product-type.bundle.ui-testing";
		};
		A21C397079085DE44125F0E2 /* templateTests */ = {
			isa = PBXNativeTarget;
			buildConfigurationList = A21C3C022DA6FECDB6DDAB92 /* Build configuration list for PBXNativeTarget "templateTests" */;
			buildPhases = (
				A21C3F414C21AAD10DDC9CD1 /* Sources */,
				A21C34FA36B3353DDDA6B808 /* Frameworks */,
				A21C397FEE6A0BDAADE4CB51 /* Resources */,
			);
			buildRules = (
			);
			dependencies = (
				A21C35E2B3E99E67F62E3039 /* PBXTargetDependency */,
			);
			name = templateTests;
			productName = templateTests;
			productReference = A21C38CC23C5572C100AEB0B /* templateTests.xctest */;
			productType = "com.apple.product-type.bundle.unit-test";
		};
		A21C3F968362B78BDF05FEB0 /* template */ = {
			isa = PBXNativeTarget;
			buildConfigurationList = A21C3C9377CD69C3730332FE /* Build configuration list for PBXNativeTarget "template" */;
			buildPhases = (
				177905CC1BE87F32DB695082 /* [CP] Check Pods Manifest.lock */,
				A21C360A09F341AD19B06033 /* Sources */,
				A21C369F857C4C12056E50DB /* Frameworks */,
				A21C3F76892FCF85F8321588 /* Resources */,
				DF0EBDB38929F74661A5DC92 /* [CP] Embed Pods Frameworks */,
			);
			buildRules = (
			);
			dependencies = (
			);
			name = template;
			productName = template;
			productReference = A21C31C3A53283E16F0C3011 /* template.app */;
			productType = "com.apple.product-type.application";
		};
/* End PBXNativeTarget section */

/* Begin PBXProject section */
		A21C3B624A56FFC47E9E5367 /* Project object */ = {
			isa = PBXProject;
			attributes = {
				ORGANIZATIONNAME = seljabali;
				TargetAttributes = {
					A21C3F968362B78BDF05FEB0 = {
						ProvisioningStyle = Manual;
					};
				};
			};
			buildConfigurationList = A21C35C924465DD0F26DD855 /* Build configuration list for PBXProject "template" */;
			compatibilityVersion = "Xcode 3.2";
			developmentRegion = English;
			hasScannedForEncodings = 0;
			knownRegions = (
				English,
				en,
				Base,
			);
			mainGroup = A21C3904012EF5907B93F54D;
			productRefGroup = A21C3C07FEEAD8FDC39DA29B /* Products */;
			projectDirPath = "";
			projectRoot = "";
			targets = (
				A21C3F968362B78BDF05FEB0 /* template */,
				A21C397079085DE44125F0E2 /* templateTests */,
				A21C31E3704353B5ECCC71BD /* templateUITests */,
			);
		};
/* End PBXProject section */

/* Begin PBXResourcesBuildPhase section */
		A21C383B9BB3773FEE97C89E /* Resources */ = {
			isa = PBXResourcesBuildPhase;
			buildActionMask = 2147483647;
			files = (
			);
			runOnlyForDeploymentPostprocessing = 0;
		};
		A21C397FEE6A0BDAADE4CB51 /* Resources */ = {
			isa = PBXResourcesBuildPhase;
			buildActionMask = 2147483647;
			files = (
			);
			runOnlyForDeploymentPostprocessing = 0;
		};
		A21C3F76892FCF85F8321588 /* Resources */ = {
			isa = PBXResourcesBuildPhase;
			buildActionMask = 2147483647;
			files = (
				A21C3B23EF9117B75D0E6749 /* Assets.xcassets in Resources */,
				68D04733250CC0DA0074C284 /* Localizable.strings in Resources */,
				A21C343B714B4FAF5EA536B5 /* LaunchScreen.storyboard in Resources */,
			);
			runOnlyForDeploymentPostprocessing = 0;
		};
/* End PBXResourcesBuildPhase section */

/* Begin PBXShellScriptBuildPhase section */
		177905CC1BE87F32DB695082 /* [CP] Check Pods Manifest.lock */ = {
			isa = PBXShellScriptBuildPhase;
			buildActionMask = 2147483647;
			files = (
			);
			inputFileListPaths = (
			);
			inputPaths = (
				"${PODS_PODFILE_DIR_PATH}/Podfile.lock",
				"${PODS_ROOT}/Manifest.lock",
			);
			name = "[CP] Check Pods Manifest.lock";
			outputFileListPaths = (
			);
			outputPaths = (
				"$(DERIVED_FILE_DIR)/Pods-template-checkManifestLockResult.txt",
			);
			runOnlyForDeploymentPostprocessing = 0;
			shellPath = /bin/sh;
			shellScript = "diff \"${PODS_PODFILE_DIR_PATH}/Podfile.lock\" \"${PODS_ROOT}/Manifest.lock\" > /dev/null\nif [ $? != 0 ] ; then\n    # print error to STDERR\n    echo \"error: The sandbox is not in sync with the Podfile.lock. Run 'pod install' or update your CocoaPods installation.\" >&2\n    exit 1\nfi\n# This output is used by Xcode 'outputs' to avoid re-running this script phase.\necho \"SUCCESS\" > \"${SCRIPT_OUTPUT_FILE_0}\"\n";
			showEnvVarsInLog = 0;
		};
		DF0EBDB38929F74661A5DC92 /* [CP] Embed Pods Frameworks */ = {
			isa = PBXShellScriptBuildPhase;
			buildActionMask = 2147483647;
			files = (
			);
			inputPaths = (
				"${PODS_ROOT}/Target Support Files/Pods-template/Pods-template-frameworks.sh",
				"${BUILT_PRODUCTS_DIR}/Alamofire/Alamofire.framework",
				"${BUILT_PRODUCTS_DIR}/DSGradientProgressView/DSGradientProgressView.framework",
				"${BUILT_PRODUCTS_DIR}/MDFInternationalization/MDFInternationalization.framework",
				"${BUILT_PRODUCTS_DIR}/MDFTextAccessibility/MDFTextAccessibility.framework",
				"${BUILT_PRODUCTS_DIR}/MaterialComponents/MaterialComponents.framework",
				"${BUILT_PRODUCTS_DIR}/MotionAnimator/MotionAnimator.framework",
				"${BUILT_PRODUCTS_DIR}/MotionInterchange/MotionInterchange.framework",
				"${BUILT_PRODUCTS_DIR}/MotionTransitioning/MotionTransitioning.framework",
				"${BUILT_PRODUCTS_DIR}/Moya/Moya.framework",
				"${BUILT_PRODUCTS_DIR}/ResponseDetective/ResponseDetective.framework",
				"${BUILT_PRODUCTS_DIR}/RxSwift/RxSwift.framework",
				"${BUILT_PRODUCTS_DIR}/SnapKit/SnapKit.framework",
				"${BUILT_PRODUCTS_DIR}/SwiftDate/SwiftDate.framework",
				"${BUILT_PRODUCTS_DIR}/SwifterSwift/SwifterSwift.framework",
				"${BUILT_PRODUCTS_DIR}/SwiftyBeaver/SwiftyBeaver.framework",
			);
			name = "[CP] Embed Pods Frameworks";
			outputPaths = (
				"${TARGET_BUILD_DIR}/${FRAMEWORKS_FOLDER_PATH}/Alamofire.framework",
				"${TARGET_BUILD_DIR}/${FRAMEWORKS_FOLDER_PATH}/DSGradientProgressView.framework",
				"${TARGET_BUILD_DIR}/${FRAMEWORKS_FOLDER_PATH}/MDFInternationalization.framework",
				"${TARGET_BUILD_DIR}/${FRAMEWORKS_FOLDER_PATH}/MDFTextAccessibility.framework",
				"${TARGET_BUILD_DIR}/${FRAMEWORKS_FOLDER_PATH}/MaterialComponents.framework",
				"${TARGET_BUILD_DIR}/${FRAMEWORKS_FOLDER_PATH}/MotionAnimator.framework",
				"${TARGET_BUILD_DIR}/${FRAMEWORKS_FOLDER_PATH}/MotionInterchange.framework",
				"${TARGET_BUILD_DIR}/${FRAMEWORKS_FOLDER_PATH}/MotionTransitioning.framework",
				"${TARGET_BUILD_DIR}/${FRAMEWORKS_FOLDER_PATH}/Moya.framework",
				"${TARGET_BUILD_DIR}/${FRAMEWORKS_FOLDER_PATH}/ResponseDetective.framework",
				"${TARGET_BUILD_DIR}/${FRAMEWORKS_FOLDER_PATH}/RxSwift.framework",
				"${TARGET_BUILD_DIR}/${FRAMEWORKS_FOLDER_PATH}/SnapKit.framework",
				"${TARGET_BUILD_DIR}/${FRAMEWORKS_FOLDER_PATH}/SwiftDate.framework",
				"${TARGET_BUILD_DIR}/${FRAMEWORKS_FOLDER_PATH}/SwifterSwift.framework",
				"${TARGET_BUILD_DIR}/${FRAMEWORKS_FOLDER_PATH}/SwiftyBeaver.framework",
			);
			runOnlyForDeploymentPostprocessing = 0;
			shellPath = /bin/sh;
			shellScript = "\"${PODS_ROOT}/Target Support Files/Pods-template/Pods-template-frameworks.sh\"\n";
			showEnvVarsInLog = 0;
		};
/* End PBXShellScriptBuildPhase section */

/* Begin PBXSourcesBuildPhase section */
		A21C360A09F341AD19B06033 /* Sources */ = {
			isa = PBXSourcesBuildPhase;
			buildActionMask = 2147483647;
			files = (
				688A3AEA251442F000C5C13B /* WidgetTableViewCell.swift in Sources */,
				688A3AFC2515E9D400C5C13B /* MetaWeatherRepo.swift in Sources */,
				6867AB882343F84100A32328 /* UIViewExtensions.swift in Sources */,
				6867AB702343F62700A32328 /* BorderedButton.swift in Sources */,
				6867AB922343F8AE00A32328 /* ThemeExtensions.swift in Sources */,
				6867AB8A2343F85D00A32328 /* PresetColors.swift in Sources */,
				688A3ACB251435F600C5C13B /* TextSizesItems.swift in Sources */,
				688A3AF32514444100C5C13B /* SwitchViewController.swift in Sources */,
				6867AB662343F59E00A32328 /* Intents.swift in Sources */,
				688A3AFA2515E0D900C5C13B /* MetaWeatherApi.swift in Sources */,
				688A3ACF251435F600C5C13B /* VerticalCellView.swift in Sources */,
				6867AB722343F63B00A32328 /* PassThroughView.swift in Sources */,
				A21C3B74A21BE7BA4B9F4975 /* AppDelegate.swift in Sources */,
				A21C3795A57A27685F19529F /* LandingHomeViewController.swift in Sources */,
				688A3ADC251435F600C5C13B /* LetterSpacingCellView.swift in Sources */,
				6867AB742343F6B800A32328 /* BaseViewController.swift in Sources */,
				688A3AC6251435F600C5C13B /* CornerRadiusCellView.swift in Sources */,
				6867AB762343F6E600A32328 /* CollectionExtensions.swift in Sources */,
				688A3AD0251435F600C5C13B /* VerticalSpacingsViewController.swift in Sources */,
				688409CA252A9B9700FFE1BF /* CitySearchViewController.swift in Sources */,
				688A3AD3251435F600C5C13B /* SpacingsViewController.swift in Sources */,
				688A3ACA251435F600C5C13B /* TextSizesViewController.swift in Sources */,
				6867AB942343FA4E00A32328 /* HomeNavigationController.swift in Sources */,
				688A3AF12514444100C5C13B /* LabelViewController.swift in Sources */,
				6867AB7C2343F73300A32328 /* RxExtensions.swift in Sources */,
				68D04735250CC17B0074C284 /* Strings.swift in Sources */,
				6867AB782343F70100A32328 /* DateExtensions.swift in Sources */,
				688A3AD7251435F600C5C13B /* HorizontalBlockView.swift in Sources */,
				6884098825230CCF00FFE1BF /* CityTableViewCell.swift in Sources */,
				6867AB602343F41800A32328 /* RootViewController.swift in Sources */,
				688A3AD8251435F600C5C13B /* LandingPageItemView.swift in Sources */,
				688A3AC8251435F600C5C13B /* CornerRadiusesViewController.swift in Sources */,
				6867AB6A2343F5D200A32328 /* Phone.swift in Sources */,
				6867AB642343F58A00A32328 /* DateTimeFormats.swift in Sources */,
				688A3B052516A76800C5C13B /* LocationResponse.swift in Sources */,
				6884098D25230D2400FFE1BF /* CityTableItem.swift in Sources */,
				688A3AF72515DDD900C5C13B /* NetworkProvider.swift in Sources */,
				6867AB7A2343F71B00A32328 /* NSObjectExtensions.swift in Sources */,
				688A3AF22514444100C5C13B /* ProgressViewController.swift in Sources */,
				6867AB8E2343F88200A32328 /* TextAppearances.swift in Sources */,
				6867AB862343F82800A32328 /* UIViewControllerExtensions.swift in Sources */,
				688A3ADD251435F600C5C13B /* LetterSpacingItems.swift in Sources */,
				6867AB902343F89600A32328 /* Theme.swift in Sources */,
				68D0472D250CB6E60074C284 /* SettingsViewController.swift in Sources */,
				688A3AE9251442F000C5C13B /* WidgetsViewController.swift in Sources */,
				688A3AD9251435F600C5C13B /* DesignTokenLandingPageViewController.swift in Sources */,
				688A3ADE251435F600C5C13B /* LetterSpacingsViewController.swift in Sources */,
				68D0472F250CB72A0074C284 /* CitiesViewController.swift in Sources */,
				6867AB822343F7F100A32328 /* UILabelExtensions.swift in Sources */,
				688A3AD4251435F600C5C13B /* HorizontalCellView.swift in Sources */,
				6867AB622343F56E00A32328 /* App.swift in Sources */,
				688A3ACC251435F600C5C13B /* ColorCellView.swift in Sources */,
				6867AB842343F80600A32328 /* UITableViewExtensions.swift in Sources */,
				A21C361A7D66894CC08C0533 /* Dimens.swift in Sources */,
				688A3AD5251435F600C5C13B /* HorizontalSpacingItems.swift in Sources */,
				688A3AE7251442F000C5C13B /* Widgets.swift in Sources */,
				6867AB682343F5BA00A32328 /* Logger.swift in Sources */,
				6867AB8C2343F86E00A32328 /* PresetDimensions.swift in Sources */,
				688A3AFF2515EBA800C5C13B /* WeatherForLocationResponse.swift in Sources */,
				688A3ADA251435F600C5C13B /* LandingPageItems.swift in Sources */,
				6867AB7E2343F78700A32328 /* StringExtensions.swift in Sources */,
				688A3AD2251435F600C5C13B /* VerticalBlockView.swift in Sources */,
				688A3AE8251442F000C5C13B /* SampleViewController.swift in Sources */,
				688A3AC9251435F600C5C13B /* TextSizeCellView.swift in Sources */,
				688A3ACD251435F600C5C13B /* ColorItems.swift in Sources */,
				688A3AE125143A3D00C5C13B /* Images.swift in Sources */,
				68D04731250CB7B40074C284 /* HomeViewController.swift in Sources */,
				6867AB802343F7A000A32328 /* SwiftExtensions.swift in Sources */,
				688A3AC7251435F600C5C13B /* CornerRadiusItems.swift in Sources */,
				6867AB962343FABD00A32328 /* ThemeManager.swift in Sources */,
				688A3B032515EEF700C5C13B /* RegionResponse.swift in Sources */,
				A21C313E43E32DFCD3423A5F /* FileUtil.swift in Sources */,
				688A3B012515EE7D00C5C13B /* ConsolidatedWeatherResponse.swift in Sources */,
				688A3B082516B02F00C5C13B /* BottomNavTabs.swift in Sources */,
				6805ED1C2530FE09001DD49E /* CitySearchTableViewCell.swift in Sources */,
				688A3AD1251435F600C5C13B /* VerticalSpacingItems.swift in Sources */,
				688A3ACE251435F600C5C13B /* ColorsViewController.swift in Sources */,
				688A3AD6251435F600C5C13B /* HorizontalSpacingsViewController.swift in Sources */,
			);
			runOnlyForDeploymentPostprocessing = 0;
		};
		A21C3DCC0433065EA45BE601 /* Sources */ = {
			isa = PBXSourcesBuildPhase;
			buildActionMask = 2147483647;
			files = (
				A21C3F526337D9F538D4FB08 /* templateUITests.swift in Sources */,
			);
			runOnlyForDeploymentPostprocessing = 0;
		};
		A21C3F414C21AAD10DDC9CD1 /* Sources */ = {
			isa = PBXSourcesBuildPhase;
			buildActionMask = 2147483647;
			files = (
				A21C3B6933D8527166121D27 /* templateTests.swift in Sources */,
			);
			runOnlyForDeploymentPostprocessing = 0;
		};
/* End PBXSourcesBuildPhase section */

/* Begin PBXTargetDependency section */
		A21C35E2B3E99E67F62E3039 /* PBXTargetDependency */ = {
			isa = PBXTargetDependency;
			target = A21C3F968362B78BDF05FEB0 /* template */;
			targetProxy = A21C343B31F06C87A0D4E4C3 /* PBXContainerItemProxy */;
		};
		A21C36458471EB1DEE3CD683 /* PBXTargetDependency */ = {
			isa = PBXTargetDependency;
			target = A21C3F968362B78BDF05FEB0 /* template */;
			targetProxy = A21C336CD49B3A89113A769A /* PBXContainerItemProxy */;
		};
/* End PBXTargetDependency section */

/* Begin PBXVariantGroup section */
		A21C3A3E91D8A9CE8AA212BD /* LaunchScreen.storyboard */ = {
			isa = PBXVariantGroup;
			children = (
				A21C3B8684F57C03411C4ED9 /* Base */,
			);
			name = LaunchScreen.storyboard;
			sourceTree = "<group>";
		};
/* End PBXVariantGroup section */

/* Begin XCBuildConfiguration section */
		A21C364DDD94A3618596C607 /* Debug */ = {
			isa = XCBuildConfiguration;
			buildSettings = {
				INFOPLIST_FILE = templateUITests/Info.plist;
				LD_RUNPATH_SEARCH_PATHS = "$(inherited) @executable_path/Frameworks @loader_path/Frameworks";
				PRODUCT_BUNDLE_IDENTIFIER = seljabali.templateUITests;
				PRODUCT_NAME = "$(TARGET_NAME)";
				SWIFT_VERSION = 5.0;
				TARGETED_DEVICE_FAMILY = "1,2";
				TEST_TARGET_NAME = template;
			};
			name = Debug;
		};
		A21C368473DBC01FA8AD4DC4 /* Debug */ = {
			isa = XCBuildConfiguration;
			buildSettings = {
				ALWAYS_SEARCH_USER_PATHS = NO;
				CLANG_ANALYZER_NONNULL = YES;
				CLANG_ANALYZER_NUMBER_OBJECT_CONVERSION = YES_AGGRESSIVE;
				CLANG_CXX_LANGUAGE_STANDARD = "gnu++14";
				CLANG_CXX_LIBRARY = "libc++";
				CLANG_ENABLE_MODULES = YES;
				CLANG_ENABLE_OBJC_ARC = YES;
				CLANG_ENABLE_OBJC_WEAK = YES;
				CLANG_WARN_BLOCK_CAPTURE_AUTORELEASING = YES;
				CLANG_WARN_BOOL_CONVERSION = YES;
				CLANG_WARN_COMMA = YES;
				CLANG_WARN_CONSTANT_CONVERSION = YES;
				CLANG_WARN_DEPRECATED_OBJC_IMPLEMENTATIONS = YES;
				CLANG_WARN_DIRECT_OBJC_ISA_USAGE = YES_ERROR;
				CLANG_WARN_DOCUMENTATION_COMMENTS = YES;
				CLANG_WARN_EMPTY_BODY = YES;
				CLANG_WARN_ENUM_CONVERSION = YES;
				CLANG_WARN_INFINITE_RECURSION = YES;
				CLANG_WARN_INT_CONVERSION = YES;
				CLANG_WARN_NON_LITERAL_NULL_CONVERSION = YES;
				CLANG_WARN_OBJC_IMPLICIT_RETAIN_SELF = YES;
				CLANG_WARN_OBJC_LITERAL_CONVERSION = YES;
				CLANG_WARN_OBJC_ROOT_CLASS = YES_ERROR;
				CLANG_WARN_RANGE_LOOP_ANALYSIS = YES;
				CLANG_WARN_STRICT_PROTOTYPES = YES;
				CLANG_WARN_SUSPICIOUS_MOVE = YES;
				CLANG_WARN_UNGUARDED_AVAILABILITY = YES_AGGRESSIVE;
				CLANG_WARN_UNREACHABLE_CODE = YES;
				CLANG_WARN__DUPLICATE_METHOD_MATCH = YES;
				CODE_SIGN_IDENTITY = "iPhone Developer";
				COPY_PHASE_STRIP = NO;
				DEBUG_INFORMATION_FORMAT = dwarf;
				ENABLE_STRICT_OBJC_MSGSEND = YES;
				ENABLE_TESTABILITY = YES;
				GCC_C_LANGUAGE_STANDARD = gnu11;
				GCC_DYNAMIC_NO_PIC = NO;
				GCC_NO_COMMON_BLOCKS = YES;
				GCC_OPTIMIZATION_LEVEL = 0;
				GCC_PREPROCESSOR_DEFINITIONS = (
					"DEBUG=1",
					"$(inherited)",
				);
				GCC_WARN_64_TO_32_BIT_CONVERSION = YES;
				GCC_WARN_ABOUT_RETURN_TYPE = YES_ERROR;
				GCC_WARN_UNDECLARED_SELECTOR = YES;
				GCC_WARN_UNINITIALIZED_AUTOS = YES_AGGRESSIVE;
				GCC_WARN_UNUSED_FUNCTION = YES;
				GCC_WARN_UNUSED_VARIABLE = YES;
				IPHONEOS_DEPLOYMENT_TARGET = 12.4;
				MTL_ENABLE_DEBUG_INFO = INCLUDE_SOURCE;
				MTL_FAST_MATH = YES;
				ONLY_ACTIVE_ARCH = YES;
				SDKROOT = iphoneos;
				SWIFT_ACTIVE_COMPILATION_CONDITIONS = DEBUG;
				SWIFT_OPTIMIZATION_LEVEL = "-Onone";
			};
			name = Debug;
		};
		A21C36A5793C64F1854EBD5B /* Debug */ = {
			isa = XCBuildConfiguration;
			buildSettings = {
				BUNDLE_LOADER = "$(BUILT_PRODUCTS_DIR)/template.app/template";
				INFOPLIST_FILE = templateTests/Info.plist;
				LD_RUNPATH_SEARCH_PATHS = "$(inherited) @executable_path/Frameworks @loader_path/Frameworks";
				PRODUCT_BUNDLE_IDENTIFIER = seljabali.templateTests;
				PRODUCT_NAME = "$(TARGET_NAME)";
				SWIFT_VERSION = 5.0;
				TARGETED_DEVICE_FAMILY = "1,2";
				TEST_HOST = "$(BUNDLE_LOADER)";
			};
			name = Debug;
		};
		A21C3AE8B7E30E65A2D6EB7E /* Release */ = {
			isa = XCBuildConfiguration;
			buildSettings = {
				BUNDLE_LOADER = "$(BUILT_PRODUCTS_DIR)/template.app/template";
				INFOPLIST_FILE = templateTests/Info.plist;
				LD_RUNPATH_SEARCH_PATHS = "$(inherited) @executable_path/Frameworks @loader_path/Frameworks";
				PRODUCT_BUNDLE_IDENTIFIER = seljabali.templateTests;
				PRODUCT_NAME = "$(TARGET_NAME)";
				SWIFT_VERSION = 5.0;
				TARGETED_DEVICE_FAMILY = "1,2";
				TEST_HOST = "$(BUNDLE_LOADER)";
			};
			name = Release;
		};
		A21C3B6695D6DB911AEAB5B2 /* Release */ = {
			isa = XCBuildConfiguration;
			buildSettings = {
				INFOPLIST_FILE = templateUITests/Info.plist;
				LD_RUNPATH_SEARCH_PATHS = "$(inherited) @executable_path/Frameworks @loader_path/Frameworks";
				PRODUCT_BUNDLE_IDENTIFIER = seljabali.templateUITests;
				PRODUCT_NAME = "$(TARGET_NAME)";
				SWIFT_VERSION = 5.0;
				TARGETED_DEVICE_FAMILY = "1,2";
				TEST_TARGET_NAME = template;
			};
			name = Release;
		};
		A21C3BABF96BFD48B9C35367 /* Debug */ = {
			isa = XCBuildConfiguration;
			baseConfigurationReference = 7A186EFFCA5BDC457B4DD381 /* Pods-template.debug.xcconfig */;
			buildSettings = {
				ASSETCATALOG_COMPILER_APPICON_NAME = AppIcon;
				CODE_SIGN_STYLE = Manual;
				DEVELOPMENT_TEAM = "";
				INFOPLIST_FILE = template/Info.plist;
				IPHONEOS_DEPLOYMENT_TARGET = 12.0;
				LD_RUNPATH_SEARCH_PATHS = "$(inherited) @executable_path/Frameworks";
				PRODUCT_BUNDLE_IDENTIFIER = seljabali.template;
				PRODUCT_NAME = "$(TARGET_NAME)";
				PROVISIONING_PROFILE_SPECIFIER = "";
				SWIFT_VERSION = 5.0;
				TARGETED_DEVICE_FAMILY = "1,2";
			};
			name = Debug;
		};
		A21C3E2AFB3BD7DE67314033 /* Release */ = {
			isa = XCBuildConfiguration;
			baseConfigurationReference = 1021786F846F70AEB0DC0EB6 /* Pods-template.release.xcconfig */;
			buildSettings = {
				ASSETCATALOG_COMPILER_APPICON_NAME = AppIcon;
				CODE_SIGN_STYLE = Manual;
				DEVELOPMENT_TEAM = "";
				INFOPLIST_FILE = template/Info.plist;
				IPHONEOS_DEPLOYMENT_TARGET = 12.0;
				LD_RUNPATH_SEARCH_PATHS = "$(inherited) @executable_path/Frameworks";
				PRODUCT_BUNDLE_IDENTIFIER = seljabali.template;
				PRODUCT_NAME = "$(TARGET_NAME)";
				PROVISIONING_PROFILE_SPECIFIER = "";
				SWIFT_VERSION = 5.0;
				TARGETED_DEVICE_FAMILY = "1,2";
			};
			name = Release;
		};
		A21C3E9461B6151981F4D7FA /* Release */ = {
			isa = XCBuildConfiguration;
			buildSettings = {
				ALWAYS_SEARCH_USER_PATHS = NO;
				CLANG_ANALYZER_NONNULL = YES;
				CLANG_ANALYZER_NUMBER_OBJECT_CONVERSION = YES_AGGRESSIVE;
				CLANG_CXX_LANGUAGE_STANDARD = "gnu++14";
				CLANG_CXX_LIBRARY = "libc++";
				CLANG_ENABLE_MODULES = YES;
				CLANG_ENABLE_OBJC_ARC = YES;
				CLANG_ENABLE_OBJC_WEAK = YES;
				CLANG_WARN_BLOCK_CAPTURE_AUTORELEASING = YES;
				CLANG_WARN_BOOL_CONVERSION = YES;
				CLANG_WARN_COMMA = YES;
				CLANG_WARN_CONSTANT_CONVERSION = YES;
				CLANG_WARN_DEPRECATED_OBJC_IMPLEMENTATIONS = YES;
				CLANG_WARN_DIRECT_OBJC_ISA_USAGE = YES_ERROR;
				CLANG_WARN_DOCUMENTATION_COMMENTS = YES;
				CLANG_WARN_EMPTY_BODY = YES;
				CLANG_WARN_ENUM_CONVERSION = YES;
				CLANG_WARN_INFINITE_RECURSION = YES;
				CLANG_WARN_INT_CONVERSION = YES;
				CLANG_WARN_NON_LITERAL_NULL_CONVERSION = YES;
				CLANG_WARN_OBJC_IMPLICIT_RETAIN_SELF = YES;
				CLANG_WARN_OBJC_LITERAL_CONVERSION = YES;
				CLANG_WARN_OBJC_ROOT_CLASS = YES_ERROR;
				CLANG_WARN_RANGE_LOOP_ANALYSIS = YES;
				CLANG_WARN_STRICT_PROTOTYPES = YES;
				CLANG_WARN_SUSPICIOUS_MOVE = YES;
				CLANG_WARN_UNGUARDED_AVAILABILITY = YES_AGGRESSIVE;
				CLANG_WARN_UNREACHABLE_CODE = YES;
				CLANG_WARN__DUPLICATE_METHOD_MATCH = YES;
				CODE_SIGN_IDENTITY = "iPhone Developer";
				COPY_PHASE_STRIP = NO;
				DEBUG_INFORMATION_FORMAT = "dwarf-with-dsym";
				ENABLE_NS_ASSERTIONS = NO;
				ENABLE_STRICT_OBJC_MSGSEND = YES;
				GCC_C_LANGUAGE_STANDARD = gnu11;
				GCC_NO_COMMON_BLOCKS = YES;
				GCC_WARN_64_TO_32_BIT_CONVERSION = YES;
				GCC_WARN_ABOUT_RETURN_TYPE = YES_ERROR;
				GCC_WARN_UNDECLARED_SELECTOR = YES;
				GCC_WARN_UNINITIALIZED_AUTOS = YES_AGGRESSIVE;
				GCC_WARN_UNUSED_FUNCTION = YES;
				GCC_WARN_UNUSED_VARIABLE = YES;
				IPHONEOS_DEPLOYMENT_TARGET = 12.4;
				MTL_ENABLE_DEBUG_INFO = NO;
				MTL_FAST_MATH = YES;
				SDKROOT = iphoneos;
				SWIFT_OPTIMIZATION_LEVEL = "-Owholemodule";
				VALIDATE_PRODUCT = YES;
			};
			name = Release;
		};
/* End XCBuildConfiguration section */

/* Begin XCConfigurationList section */
		A21C35C924465DD0F26DD855 /* Build configuration list for PBXProject "template" */ = {
			isa = XCConfigurationList;
			buildConfigurations = (
				A21C368473DBC01FA8AD4DC4 /* Debug */,
				A21C3E9461B6151981F4D7FA /* Release */,
			);
			defaultConfigurationIsVisible = 0;
			defaultConfigurationName = Release;
		};
		A21C3C022DA6FECDB6DDAB92 /* Build configuration list for PBXNativeTarget "templateTests" */ = {
			isa = XCConfigurationList;
			buildConfigurations = (
				A21C36A5793C64F1854EBD5B /* Debug */,
				A21C3AE8B7E30E65A2D6EB7E /* Release */,
			);
			defaultConfigurationIsVisible = 0;
			defaultConfigurationName = Release;
		};
		A21C3C9377CD69C3730332FE /* Build configuration list for PBXNativeTarget "template" */ = {
			isa = XCConfigurationList;
			buildConfigurations = (
				A21C3BABF96BFD48B9C35367 /* Debug */,
				A21C3E2AFB3BD7DE67314033 /* Release */,
			);
			defaultConfigurationIsVisible = 0;
			defaultConfigurationName = Release;
		};
		A21C3CA2F9E3136E114B9C3C /* Build configuration list for PBXNativeTarget "templateUITests" */ = {
			isa = XCConfigurationList;
			buildConfigurations = (
				A21C364DDD94A3618596C607 /* Debug */,
				A21C3B6695D6DB911AEAB5B2 /* Release */,
			);
			defaultConfigurationIsVisible = 0;
			defaultConfigurationName = Release;
		};
/* End XCConfigurationList section */
	};
	rootObject = A21C3B624A56FFC47E9E5367 /* Project object */;
}
